
Microsoft Visual Studio Solution File, Format Version 12.00
# Visual Studio 2013
VisualStudioVersion = 12.0.40629.0
MinimumVisualStudioVersion = 10.0.40219.1
Project("{FAE04EC0-301F-11D3-BF4B-00C04F79EFBC}") = "The Bureau 2", "The Bureau 2\The Bureau 2.csproj", "{3D50EB64-45A7-47BC-9D2A-3F736B43B623}"
EndProject
Global
	GlobalSection(SolutionConfigurationPlatforms) = preSolution
		Debug|Any CPU = Debug|Any CPU
		Release|Any CPU = Release|Any CPU
	EndGlobalSection
	GlobalSection(ProjectConfigurationPlatforms) = postSolution
		{3D50EB64-45A7-47BC-9D2A-3F736B43B623}.Debug|Any CPU.ActiveCfg = Debug|Any CPU
		{3D50EB64-45A7-47BC-9D2A-3F736B43B623}.Debug|Any CPU.Build.0 = Debug|Any CPU
		{3D50EB64-45A7-47BC-9D2A-3F736B43B623}.Debug|Any CPU.Deploy.0 = Debug|Any CPU
		{3D50EB64-45A7-47BC-9D2A-3F736B43B623}.Release|Any CPU.ActiveCfg = Release|Any CPU
		{3D50EB64-45A7-47BC-9D2A-3F736B43B623}.Release|Any CPU.Build.0 = Release|Any CPU
		{3D50EB64-45A7-47BC-9D2A-3F736B43B623}.Release|Any CPU.Deploy.0 = Release|Any CPU
	EndGlobalSection
	GlobalSection(SolutionProperties) = preSolution
		HideSolutionNode = FALSE
	EndGlobalSection
EndGlobal
